// !$*UTF8*$!
{
	archiveVersion = 1;
	classes = {
	};
	objectVersion = 48;
	objects = {

/* Begin PBXBuildFile section */
		5257C4071F4963630088A02B /* Image+CoreDataClass.swift in Sources */ = {isa = PBXBuildFile; fileRef = 5257C3FF1F4963630088A02B /* Image+CoreDataClass.swift */; };
		5257C4081F4963630088A02B /* Image+CoreDataProperties.swift in Sources */ = {isa = PBXBuildFile; fileRef = 5257C4001F4963630088A02B /* Image+CoreDataProperties.swift */; };
		5257C4091F4963630088A02B /* Store+CoreDataClass.swift in Sources */ = {isa = PBXBuildFile; fileRef = 5257C4011F4963630088A02B /* Store+CoreDataClass.swift */; };
		5257C40A1F4963630088A02B /* Store+CoreDataProperties.swift in Sources */ = {isa = PBXBuildFile; fileRef = 5257C4021F4963630088A02B /* Store+CoreDataProperties.swift */; };
		5257C40B1F4963630088A02B /* Item+CoreDataClass.swift in Sources */ = {isa = PBXBuildFile; fileRef = 5257C4031F4963630088A02B /* Item+CoreDataClass.swift */; };
		5257C40C1F4963630088A02B /* Item+CoreDataProperties.swift in Sources */ = {isa = PBXBuildFile; fileRef = 5257C4041F4963630088A02B /* Item+CoreDataProperties.swift */; };
		5257C40D1F4963630088A02B /* ItemType+CoreDataClass.swift in Sources */ = {isa = PBXBuildFile; fileRef = 5257C4051F4963630088A02B /* ItemType+CoreDataClass.swift */; };
		5257C40E1F4963630088A02B /* ItemType+CoreDataProperties.swift in Sources */ = {isa = PBXBuildFile; fileRef = 5257C4061F4963630088A02B /* ItemType+CoreDataProperties.swift */; };
		5257C4111F496A7B0088A02B /* WishItemCell.swift in Sources */ = {isa = PBXBuildFile; fileRef = 5257C4101F496A7B0088A02B /* WishItemCell.swift */; };
		5257C4131F496F7F0088A02B /* MaterialView.swift in Sources */ = {isa = PBXBuildFile; fileRef = 5257C4121F496F7F0088A02B /* MaterialView.swift */; };
		5257C4151F49BE180088A02B /* DetailVC.swift in Sources */ = {isa = PBXBuildFile; fileRef = 5257C4141F49BE180088A02B /* DetailVC.swift */; };
		5283736D1F49435600E087F4 /* AppDelegate.swift in Sources */ = {isa = PBXBuildFile; fileRef = 5283736C1F49435600E087F4 /* AppDelegate.swift */; };
		5283736F1F49435600E087F4 /* MainVC.swift in Sources */ = {isa = PBXBuildFile; fileRef = 5283736E1F49435600E087F4 /* MainVC.swift */; };
		528373721F49435600E087F4 /* Main.storyboard in Resources */ = {isa = PBXBuildFile; fileRef = 528373701F49435600E087F4 /* Main.storyboard */; };
		528373751F49435600E087F4 /* WishList.xcdatamodeld in Sources */ = {isa = PBXBuildFile; fileRef = 528373731F49435600E087F4 /* WishList.xcdatamodeld */; };
		528373771F49435600E087F4 /* Assets.xcassets in Resources */ = {isa = PBXBuildFile; fileRef = 528373761F49435600E087F4 /* Assets.xcassets */; };
		5283737A1F49435600E087F4 /* LaunchScreen.storyboard in Resources */ = {isa = PBXBuildFile; fileRef = 528373781F49435600E087F4 /* LaunchScreen.storyboard */; };
/* End PBXBuildFile section */

/* Begin PBXFileReference section */
		5257C3FF1F4963630088A02B /* Image+CoreDataClass.swift */ = {isa = PBXFileReference; lastKnownFileType = sourcecode.swift; path = "Image+CoreDataClass.swift"; sourceTree = "<group>"; };
		5257C4001F4963630088A02B /* Image+CoreDataProperties.swift */ = {isa = PBXFileReference; lastKnownFileType = sourcecode.swift; path = "Image+CoreDataProperties.swift"; sourceTree = "<group>"; };
		5257C4011F4963630088A02B /* Store+CoreDataClass.swift */ = {isa = PBXFileReference; lastKnownFileType = sourcecode.swift; path = "Store+CoreDataClass.swift"; sourceTree = "<group>"; };
		5257C4021F4963630088A02B /* Store+CoreDataProperties.swift */ = {isa = PBXFileReference; lastKnownFileType = sourcecode.swift; path = "Store+CoreDataProperties.swift"; sourceTree = "<group>"; };
		5257C4031F4963630088A02B /* Item+CoreDataClass.swift */ = {isa = PBXFileReference; lastKnownFileType = sourcecode.swift; path = "Item+CoreDataClass.swift"; sourceTree = "<group>"; };
		5257C4041F4963630088A02B /* Item+CoreDataProperties.swift */ = {isa = PBXFileReference; lastKnownFileType = sourcecode.swift; path = "Item+CoreDataProperties.swift"; sourceTree = "<group>"; };
		5257C4051F4963630088A02B /* ItemType+CoreDataClass.swift */ = {isa = PBXFileReference; lastKnownFileType = sourcecode.swift; path = "ItemType+CoreDataClass.swift"; sourceTree = "<group>"; };
		5257C4061F4963630088A02B /* ItemType+CoreDataProperties.swift */ = {isa = PBXFileReference; lastKnownFileType = sourcecode.swift; path = "ItemType+CoreDataProperties.swift"; sourceTree = "<group>"; };
		5257C4101F496A7B0088A02B /* WishItemCell.swift */ = {isa = PBXFileReference; lastKnownFileType = sourcecode.swift; path = WishItemCell.swift; sourceTree = "<group>"; };
		5257C4121F496F7F0088A02B /* MaterialView.swift */ = {isa = PBXFileReference; lastKnownFileType = sourcecode.swift; path = MaterialView.swift; sourceTree = "<group>"; };
		5257C4141F49BE180088A02B /* DetailVC.swift */ = {isa = PBXFileReference; lastKnownFileType = sourcecode.swift; path = DetailVC.swift; sourceTree = "<group>"; };
		528373691F49435600E087F4 /* WishList.app */ = {isa = PBXFileReference; explicitFileType = wrapper.application; includeInIndex = 0; path = WishList.app; sourceTree = BUILT_PRODUCTS_DIR; };
		5283736C1F49435600E087F4 /* AppDelegate.swift */ = {isa = PBXFileReference; lastKnownFileType = sourcecode.swift; path = AppDelegate.swift; sourceTree = "<group>"; };
		5283736E1F49435600E087F4 /* MainVC.swift */ = {isa = PBXFileReference; lastKnownFileType = sourcecode.swift; path = MainVC.swift; sourceTree = "<group>"; };
		528373711F49435600E087F4 /* Base */ = {isa = PBXFileReference; lastKnownFileType = file.storyboard; name = Base; path = Base.lproj/Main.storyboard; sourceTree = "<group>"; };
		528373741F49435600E087F4 /* WishList.xcdatamodel */ = {isa = PBXFileReference; lastKnownFileType = wrapper.xcdatamodel; path = WishList.xcdatamodel; sourceTree = "<group>"; };
		528373761F49435600E087F4 /* Assets.xcassets */ = {isa = PBXFileReference; lastKnownFileType = folder.assetcatalog; path = Assets.xcassets; sourceTree = "<group>"; };
		528373791F49435600E087F4 /* Base */ = {isa = PBXFileReference; lastKnownFileType = file.storyboard; name = Base; path = Base.lproj/LaunchScreen.storyboard; sourceTree = "<group>"; };
		5283737B1F49435600E087F4 /* Info.plist */ = {isa = PBXFileReference; lastKnownFileType = text.plist.xml; path = Info.plist; sourceTree = "<group>"; };
/* End PBXFileReference section */

/* Begin PBXFrameworksBuildPhase section */
		528373661F49435600E087F4 /* Frameworks */ = {
			isa = PBXFrameworksBuildPhase;
			buildActionMask = 2147483647;
			files = (
			);
			runOnlyForDeploymentPostprocessing = 0;
		};
/* End PBXFrameworksBuildPhase section */

/* Begin PBXGroup section */
		5257C40F1F4963850088A02B /* Generated */ = {
			isa = PBXGroup;
			children = (
				5257C4001F4963630088A02B /* Image+CoreDataProperties.swift */,
				5257C4021F4963630088A02B /* Store+CoreDataProperties.swift */,
				5257C4041F4963630088A02B /* Item+CoreDataProperties.swift */,
				5257C4061F4963630088A02B /* ItemType+CoreDataProperties.swift */,
			);
			name = Generated;
			sourceTree = "<group>";
		};
		528373601F49435600E087F4 = {
			isa = PBXGroup;
			children = (
				5283736B1F49435600E087F4 /* WishList */,
				5283736A1F49435600E087F4 /* Products */,
			);
			sourceTree = "<group>";
		};
		5283736A1F49435600E087F4 /* Products */ = {
			isa = PBXGroup;
			children = (
				528373691F49435600E087F4 /* WishList.app */,
			);
			name = Products;
			sourceTree = "<group>";
		};
		5283736B1F49435600E087F4 /* WishList */ = {
			isa = PBXGroup;
			children = (
				528373731F49435600E087F4 /* WishList.xcdatamodeld */,
				5283737B1F49435600E087F4 /* Info.plist */,
				528373841F4943A300E087F4 /* Other */,
				528373831F49439800E087F4 /* Controller */,
				528373821F49439200E087F4 /* View */,
				528373811F49438100E087F4 /* Model */,
			);
			path = WishList;
			sourceTree = "<group>";
		};
		528373811F49438100E087F4 /* Model */ = {
			isa = PBXGroup;
			children = (
				5257C40F1F4963850088A02B /* Generated */,
				5257C3FF1F4963630088A02B /* Image+CoreDataClass.swift */,
				5257C4011F4963630088A02B /* Store+CoreDataClass.swift */,
				5257C4031F4963630088A02B /* Item+CoreDataClass.swift */,
				5257C4051F4963630088A02B /* ItemType+CoreDataClass.swift */,
			);
			path = Model;
			sourceTree = "<group>";
		};
		528373821F49439200E087F4 /* View */ = {
			isa = PBXGroup;
			children = (
				5257C4101F496A7B0088A02B /* WishItemCell.swift */,
				5257C4121F496F7F0088A02B /* MaterialView.swift */,
			);
			path = View;
			sourceTree = "<group>";
		};
		528373831F49439800E087F4 /* Controller */ = {
			isa = PBXGroup;
			children = (
				528373701F49435600E087F4 /* Main.storyboard */,
				5283736E1F49435600E087F4 /* MainVC.swift */,
				5257C4141F49BE180088A02B /* DetailVC.swift */,
			);
			path = Controller;
			sourceTree = "<group>";
		};
		528373841F4943A300E087F4 /* Other */ = {
			isa = PBXGroup;
			children = (
				5283736C1F49435600E087F4 /* AppDelegate.swift */,
				528373761F49435600E087F4 /* Assets.xcassets */,
				528373781F49435600E087F4 /* LaunchScreen.storyboard */,
			);
			path = Other;
			sourceTree = "<group>";
		};
/* End PBXGroup section */

/* Begin PBXNativeTarget section */
		528373681F49435600E087F4 /* WishList */ = {
			isa = PBXNativeTarget;
			buildConfigurationList = 5283737E1F49435600E087F4 /* Build configuration list for PBXNativeTarget "WishList" */;
			buildPhases = (
				528373651F49435600E087F4 /* Sources */,
				528373661F49435600E087F4 /* Frameworks */,
				528373671F49435600E087F4 /* Resources */,
			);
			buildRules = (
			);
			dependencies = (
			);
			name = WishList;
			productName = WishList;
			productReference = 528373691F49435600E087F4 /* WishList.app */;
			productType = "com.apple.product-type.application";
		};
/* End PBXNativeTarget section */

/* Begin PBXProject section */
		528373611F49435600E087F4 /* Project object */ = {
			isa = PBXProject;
			attributes = {
				LastSwiftUpdateCheck = 0900;
				LastUpgradeCheck = 0900;
				ORGANIZATIONNAME = "徐永宏";
				TargetAttributes = {
					528373681F49435600E087F4 = {
						CreatedOnToolsVersion = 9.0;
					};
				};
			};
			buildConfigurationList = 528373641F49435600E087F4 /* Build configuration list for PBXProject "WishList" */;
			compatibilityVersion = "Xcode 8.0";
			developmentRegion = en;
			hasScannedForEncodings = 0;
			knownRegions = (
				en,
				Base,
			);
			mainGroup = 528373601F49435600E087F4;
			productRefGroup = 5283736A1F49435600E087F4 /* Products */;
			projectDirPath = "";
			projectRoot = "";
			targets = (
				528373681F49435600E087F4 /* WishList */,
			);
		};
/* End PBXProject section */

/* Begin PBXResourcesBuildPhase section */
		528373671F49435600E087F4 /* Resources */ = {
			isa = PBXResourcesBuildPhase;
			buildActionMask = 2147483647;
			files = (
				5283737A1F49435600E087F4 /* LaunchScreen.storyboard in Resources */,
				528373771F49435600E087F4 /* Assets.xcassets in Resources */,
				528373721F49435600E087F4 /* Main.storyboard in Resources */,
			);
			runOnlyForDeploymentPostprocessing = 0;
		};
/* End PBXResourcesBuildPhase section */

/* Begin PBXSourcesBuildPhase section */
		528373651F49435600E087F4 /* Sources */ = {
			isa = PBXSourcesBuildPhase;
			buildActionMask = 2147483647;
			files = (
				5283736F1F49435600E087F4 /* MainVC.swift in Sources */,
				5257C4091F4963630088A02B /* Store+CoreDataClass.swift in Sources */,
				5257C40D1F4963630088A02B /* ItemType+CoreDataClass.swift in Sources */,
				5257C4131F496F7F0088A02B /* MaterialView.swift in Sources */,
				5257C4081F4963630088A02B /* Image+CoreDataProperties.swift in Sources */,
				5283736D1F49435600E087F4 /* AppDelegate.swift in Sources */,
				5257C40A1F4963630088A02B /* Store+CoreDataProperties.swift in Sources */,
				528373751F49435600E087F4 /* WishList.xcdatamodeld in Sources */,
				5257C4111F496A7B0088A02B /* WishItemCell.swift in Sources */,
				5257C40E1F4963630088A02B /* ItemType+CoreDataProperties.swift in Sources */,
				5257C40C1F4963630088A02B /* Item+CoreDataProperties.swift in Sources */,
				5257C40B1F4963630088A02B /* Item+CoreDataClass.swift in Sources */,
				5257C4071F4963630088A02B /* Image+CoreDataClass.swift in Sources */,
				5257C4151F49BE180088A02B /* DetailVC.swift in Sources */,
			);
			runOnlyForDeploymentPostprocessing = 0;
		};
/* End PBXSourcesBuildPhase section */

/* Begin PBXVariantGroup section */
		528373701F49435600E087F4 /* Main.storyboard */ = {
			isa = PBXVariantGroup;
			children = (
				528373711F49435600E087F4 /* Base */,
			);
			name = Main.storyboard;
			sourceTree = "<group>";
		};
		528373781F49435600E087F4 /* LaunchScreen.storyboard */ = {
			isa = PBXVariantGroup;
			children = (
				528373791F49435600E087F4 /* Base */,
			);
			name = LaunchScreen.storyboard;
			sourceTree = "<group>";
		};
/* End PBXVariantGroup section */

/* Begin XCBuildConfiguration section */
		5283737C1F49435600E087F4 /* Debug */ = {
			isa = XCBuildConfiguration;
			buildSettings = {
				ALWAYS_SEARCH_USER_PATHS = NO;
				CLANG_ANALYZER_NONNULL = YES;
				CLANG_ANALYZER_NUMBER_OBJECT_CONVERSION = YES_AGGRESSIVE;
				CLANG_CXX_LANGUAGE_STANDARD = "gnu++14";
				CLANG_CXX_LIBRARY = "libc++";
				CLANG_ENABLE_MODULES = YES;
				CLANG_ENABLE_OBJC_ARC = YES;
				CLANG_WARN_BLOCK_CAPTURE_AUTORELEASING = YES;
				CLANG_WARN_BOOL_CONVERSION = YES;
				CLANG_WARN_COMMA = YES;
				CLANG_WARN_CONSTANT_CONVERSION = YES;
				CLANG_WARN_DIRECT_OBJC_ISA_USAGE = YES_ERROR;
				CLANG_WARN_DOCUMENTATION_COMMENTS = YES;
				CLANG_WARN_EMPTY_BODY = YES;
				CLANG_WARN_ENUM_CONVERSION = YES;
				CLANG_WARN_INFINITE_RECURSION = YES;
				CLANG_WARN_INT_CONVERSION = YES;
				CLANG_WARN_OBJC_ROOT_CLASS = YES_ERROR;
				CLANG_WARN_RANGE_LOOP_ANALYSIS = YES;
				CLANG_WARN_STRICT_PROTOTYPES = YES;
				CLANG_WARN_SUSPICIOUS_MOVE = YES;
				CLANG_WARN_UNGUARDED_AVAILABILITY = YES_AGGRESSIVE;
				CLANG_WARN_UNREACHABLE_CODE = YES;
				CLANG_WARN__DUPLICATE_METHOD_MATCH = YES;
				CODE_SIGN_IDENTITY = "iPhone Developer";
				COPY_PHASE_STRIP = NO;
				DEBUG_INFORMATION_FORMAT = dwarf;
				ENABLE_STRICT_OBJC_MSGSEND = YES;
				ENABLE_TESTABILITY = YES;
				GCC_C_LANGUAGE_STANDARD = gnu11;
				GCC_DYNAMIC_NO_PIC = NO;
				GCC_NO_COMMON_BLOCKS = YES;
				GCC_OPTIMIZATION_LEVEL = 0;
				GCC_PREPROCESSOR_DEFINITIONS = (
					"DEBUG=1",
					"$(inherited)",
				);
				GCC_WARN_64_TO_32_BIT_CONVERSION = YES;
				GCC_WARN_ABOUT_RETURN_TYPE = YES_ERROR;
				GCC_WARN_UNDECLARED_SELECTOR = YES;
				GCC_WARN_UNINITIALIZED_AUTOS = YES_AGGRESSIVE;
				GCC_WARN_UNUSED_FUNCTION = YES;
				GCC_WARN_UNUSED_VARIABLE = YES;
				IPHONEOS_DEPLOYMENT_TARGET = 11.0;
				MTL_ENABLE_DEBUG_INFO = YES;
				ONLY_ACTIVE_ARCH = YES;
				SDKROOT = iphoneos;
				SWIFT_ACTIVE_COMPILATION_CONDITIONS = DEBUG;
				SWIFT_OPTIMIZATION_LEVEL = "-Onone";
			};
			name = Debug;
		};
		5283737D1F49435600E087F4 /* Release */ = {
			isa = XCBuildConfiguration;
			buildSettings = {
				ALWAYS_SEARCH_USER_PATHS = NO;
				CLANG_ANALYZER_NONNULL = YES;
				CLANG_ANALYZER_NUMBER_OBJECT_CONVERSION = YES_AGGRESSIVE;
				CLANG_CXX_LANGUAGE_STANDARD = "gnu++14";
				CLANG_CXX_LIBRARY = "libc++";
				CLANG_ENABLE_MODULES = YES;
				CLANG_ENABLE_OBJC_ARC = YES;
				CLANG_WARN_BLOCK_CAPTURE_AUTORELEASING = YES;
				CLANG_WARN_BOOL_CONVERSION = YES;
				CLANG_WARN_COMMA = YES;
				CLANG_WARN_CONSTANT_CONVERSION = YES;
				CLANG_WARN_DIRECT_OBJC_ISA_USAGE = YES_ERROR;
				CLANG_WARN_DOCUMENTATION_COMMENTS = YES;
				CLANG_WARN_EMPTY_BODY = YES;
				CLANG_WARN_ENUM_CONVERSION = YES;
				CLANG_WARN_INFINITE_RECURSION = YES;
				CLANG_WARN_INT_CONVERSION = YES;
				CLANG_WARN_OBJC_ROOT_CLASS = YES_ERROR;
				CLANG_WARN_RANGE_LOOP_ANALYSIS = YES;
				CLANG_WARN_STRICT_PROTOTYPES = YES;
				CLANG_WARN_SUSPICIOUS_MOVE = YES;
				CLANG_WARN_UNGUARDED_AVAILABILITY = YES_AGGRESSIVE;
				CLANG_WARN_UNREACHABLE_CODE = YES;
				CLANG_WARN__DUPLICATE_METHOD_MATCH = YES;
				CODE_SIGN_IDENTITY = "iPhone Developer";
				COPY_PHASE_STRIP = NO;
				DEBUG_INFORMATION_FORMAT = "dwarf-with-dsym";
				ENABLE_NS_ASSERTIONS = NO;
				ENABLE_STRICT_OBJC_MSGSEND = YES;
				GCC_C_LANGUAGE_STANDARD = gnu11;
				GCC_NO_COMMON_BLOCKS = YES;
				GCC_WARN_64_TO_32_BIT_CONVERSION = YES;
				GCC_WARN_ABOUT_RETURN_TYPE = YES_ERROR;
				GCC_WARN_UNDECLARED_SELECTOR = YES;
				GCC_WARN_UNINITIALIZED_AUTOS = YES_AGGRESSIVE;
				GCC_WARN_UNUSED_FUNCTION = YES;
				GCC_WARN_UNUSED_VARIABLE = YES;
				IPHONEOS_DEPLOYMENT_TARGET = 11.0;
				MTL_ENABLE_DEBUG_INFO = NO;
				SDKROOT = iphoneos;
				SWIFT_OPTIMIZATION_LEVEL = "-Owholemodule";
				VALIDATE_PRODUCT = YES;
			};
			name = Release;
		};
		5283737F1F49435600E087F4 /* Debug */ = {
			isa = XCBuildConfiguration;
			buildSettings = {
				ASSETCATALOG_COMPILER_APPICON_NAME = AppIcon;
				DEVELOPMENT_TEAM = FXQDZW7GNW;
				INFOPLIST_FILE = WishList/Info.plist;
				LD_RUNPATH_SEARCH_PATHS = "$(inherited) @executable_path/Frameworks";
				PRODUCT_BUNDLE_IDENTIFIER = com.yonhom.arkit.WishList;
				PRODUCT_NAME = "$(TARGET_NAME)";
				SWIFT_VERSION = 4.0;
				TARGETED_DEVICE_FAMILY = "1,2";
			};
			name = Debug;
		};
		528373801F49435600E087F4 /* Release */ = {
			isa = XCBuildConfiguration;
			buildSettings = {
				ASSETCATALOG_COMPILER_APPICON_NAME = AppIcon;
				DEVELOPMENT_TEAM = FXQDZW7GNW;
				INFOPLIST_FILE = WishList/Info.plist;
				LD_RUNPATH_SEARCH_PATHS = "$(inherited) @executable_path/Frameworks";
				PRODUCT_BUNDLE_IDENTIFIER = com.yonhom.arkit.WishList;
				PRODUCT_NAME = "$(TARGET_NAME)";
				SWIFT_VERSION = 4.0;
				TARGETED_DEVICE_FAMILY = "1,2";
			};
			name = Release;
		};
/* End XCBuildConfiguration section */

/* Begin XCConfigurationList section */
		528373641F49435600E087F4 /* Build configuration list for PBXProject "WishList" */ = {
			isa = XCConfigurationList;
			buildConfigurations = (
				5283737C1F49435600E087F4 /* Debug */,
				5283737D1F49435600E087F4 /* Release */,
			);
			defaultConfigurationIsVisible = 0;
			defaultConfigurationName = Release;
		};
		5283737E1F49435600E087F4 /* Build configuration list for PBXNativeTarget "WishList" */ = {
			isa = XCConfigurationList;
			buildConfigurations = (
				5283737F1F49435600E087F4 /* Debug */,
				528373801F49435600E087F4 /* Release */,
			);
			defaultConfigurationIsVisible = 0;
			defaultConfigurationName = Release;
		};
/* End XCConfigurationList section */

/* Begin XCVersionGroup section */
		528373731F49435600E087F4 /* WishList.xcdatamodeld */ = {
			isa = XCVersionGroup;
			children = (
				528373741F49435600E087F4 /* WishList.xcdatamodel */,
			);
			currentVersion = 528373741F49435600E087F4 /* WishList.xcdatamodel */;
			path = WishList.xcdatamodeld;
			sourceTree = "<group>";
			versionGroupType = wrapper.xcdatamodel;
		};
/* End XCVersionGroup section */
	};
	rootObject = 528373611F49435600E087F4 /* Project object */;
}
